{
  "name": "electron-react-boilerplate",
  "version": "4.6.0",
  "lockfileVersion": 2,
  "requires": true,
  "packages": {
    "": {
      "name": "electron-react-boilerplate",
      "version": "4.6.0",
      "hasInstallScript": true,
      "license": "MIT",
      "dependencies": {
        "get-window-position": "file:../../../adon"
      }
    },
    "../../../adon": {
      "name": "get-window-position",
      "version": "1.0.0",
      "hasInstallScript": true,
      "license": "ISC",
      "dependencies": {
        "bindings": "^1.5.0",
        "node-addon-api": "^7.0.0"
      }
    },
    "node_modules/get-window-position": {
      "resolved": "../../../adon",
      "link": true
    }
  },
  "dependencies": {
    "get-window-position": {
      "version": "file:../../../adon",
      "requires": {
        "bindings": "^1.5.0",
        "node-addon-api": "^7.0.0"
      }
    }
  }
}
